// !$*UTF8*$!
{
	archiveVersion = 1;
	classes = {
	};
	objectVersion = 51;
	objects = {

/* Begin PBXBuildFile section */
		078349FFF7E5B3B3F0E81C03 /* Pods_demo.framework in Frameworks */ = {isa = PBXBuildFile; fileRef = D37AC3707AB0BB71DFCDB54B /* Pods_demo.framework */; };
		4A6D639F26F0AC5100EFD36A /* NavigationController.m in Sources */ = {isa = PBXBuildFile; fileRef = 4A6D639E26F0AC5100EFD36A /* NavigationController.m */; };
		4A927A3126EC88C8004FB95E /* IRPlayerWithMediaPlayback.m in Sources */ = {isa = PBXBuildFile; fileRef = 4A927A3026EC88C8004FB95E /* IRPlayerWithMediaPlayback.m */; };
		B546C4B0236B370100FA283A /* IRRTSPPlayer.m in Sources */ = {isa = PBXBuildFile; fileRef = B546C4AF236B370100FA283A /* IRRTSPPlayer.m */; };
		B546C4B5236B38B700FA283A /* NSLayoutConstraint+Multiplier.m in Sources */ = {isa = PBXBuildFile; fileRef = B546C4B3236B38B600FA283A /* NSLayoutConstraint+Multiplier.m */; };
		B555ACC3236D9BA700AA1400 /* IRPlayerViewController.m in Sources */ = {isa = PBXBuildFile; fileRef = B555ACC1236D9BA700AA1400 /* IRPlayerViewController.m */; };
		B555ACC4236D9BA700AA1400 /* IRPlayerViewController.xib in Resources */ = {isa = PBXBuildFile; fileRef = B555ACC2236D9BA700AA1400 /* IRPlayerViewController.xib */; };
		B55E010A232A93B900B42820 /* AppDelegate.m in Sources */ = {isa = PBXBuildFile; fileRef = B55E0109232A93B900B42820 /* AppDelegate.m */; };
		B55E010D232A93B900B42820 /* ViewController.m in Sources */ = {isa = PBXBuildFile; fileRef = B55E010C232A93B900B42820 /* ViewController.m */; };
		B55E0110232A93B900B42820 /* Main.storyboard in Resources */ = {isa = PBXBuildFile; fileRef = B55E010E232A93B900B42820 /* Main.storyboard */; };
		B55E0112232A93BA00B42820 /* Assets.xcassets in Resources */ = {isa = PBXBuildFile; fileRef = B55E0111232A93BA00B42820 /* Assets.xcassets */; };
		B55E0115232A93BA00B42820 /* LaunchScreen.storyboard in Resources */ = {isa = PBXBuildFile; fileRef = B55E0113232A93BA00B42820 /* LaunchScreen.storyboard */; };
		B55E0118232A93BA00B42820 /* main.m in Sources */ = {isa = PBXBuildFile; fileRef = B55E0117232A93BA00B42820 /* main.m */; };
		B55E0121232A96C100B42820 /* google-help-vr.mp4 in Resources */ = {isa = PBXBuildFile; fileRef = B55E011E232A96C000B42820 /* google-help-vr.mp4 */; };
		B55E0122232A96C100B42820 /* i-see-fire.mp4 in Resources */ = {isa = PBXBuildFile; fileRef = B55E011F232A96C000B42820 /* i-see-fire.mp4 */; };
		B55E0123232A96C100B42820 /* fisheye-demo.mp4 in Resources */ = {isa = PBXBuildFile; fileRef = B55E0120232A96C000B42820 /* fisheye-demo.mp4 */; };
		B571C4C52361FA5200201D41 /* IRViewWraper.m in Sources */ = {isa = PBXBuildFile; fileRef = B571C4C42361FA5200201D41 /* IRViewWraper.m */; };
		B5AD60A824039C6900E513BA /* IRPlayerUIShellViewController.m in Sources */ = {isa = PBXBuildFile; fileRef = B5AD60A624039C6900E513BA /* IRPlayerUIShellViewController.m */; };
		B5AD60A924039C6900E513BA /* IRPlayerUIShellViewController.xib in Resources */ = {isa = PBXBuildFile; fileRef = B5AD60A724039C6900E513BA /* IRPlayerUIShellViewController.xib */; };
/* End PBXBuildFile section */

/* Begin PBXContainerItemProxy section */
		4A8E835226EC69E90031E62F /* PBXContainerItemProxy */ = {
			isa = PBXContainerItemProxy;
			containerPortal = 4A8E834E26EC69E80031E62F /* IRPlayerUIShell.xcodeproj */;
			proxyType = 2;
			remoteGlobalIDString = 4A8E828926EC68FD0031E62F;
			remoteInfo = IRPlayerUIShell;
		};
/* End PBXContainerItemProxy section */

/* Begin PBXFileReference section */
		4A6D639D26F0AC5100EFD36A /* NavigationController.h */ = {isa = PBXFileReference; lastKnownFileType = sourcecode.c.h; path = NavigationController.h; sourceTree = "<group>"; };
		4A6D639E26F0AC5100EFD36A /* NavigationController.m */ = {isa = PBXFileReference; lastKnownFileType = sourcecode.c.objc; path = NavigationController.m; sourceTree = "<group>"; };
		4A8E834E26EC69E80031E62F /* IRPlayerUIShell.xcodeproj */ = {isa = PBXFileReference; lastKnownFileType = "wrapper.pb-project"; name = IRPlayerUIShell.xcodeproj; path = ../IRPlayerUIShell.xcodeproj; sourceTree = "<group>"; };
		4A927A2F26EC88C8004FB95E /* IRPlayerWithMediaPlayback.h */ = {isa = PBXFileReference; lastKnownFileType = sourcecode.c.h; path = IRPlayerWithMediaPlayback.h; sourceTree = "<group>"; };
		4A927A3026EC88C8004FB95E /* IRPlayerWithMediaPlayback.m */ = {isa = PBXFileReference; lastKnownFileType = sourcecode.c.objc; path = IRPlayerWithMediaPlayback.m; sourceTree = "<group>"; };
		4AB4348FBA92D8ED97E6CFF1 /* Pods-demo.release.xcconfig */ = {isa = PBXFileReference; includeInIndex = 1; lastKnownFileType = text.xcconfig; name = "Pods-demo.release.xcconfig"; path = "Target Support Files/Pods-demo/Pods-demo.release.xcconfig"; sourceTree = "<group>"; };
		6ED1F323FB34B903805EF66B /* Pods-demo.debug.xcconfig */ = {isa = PBXFileReference; includeInIndex = 1; lastKnownFileType = text.xcconfig; name = "Pods-demo.debug.xcconfig"; path = "Target Support Files/Pods-demo/Pods-demo.debug.xcconfig"; sourceTree = "<group>"; };
		B546C4AE236B370000FA283A /* IRRTSPPlayer.h */ = {isa = PBXFileReference; fileEncoding = 4; lastKnownFileType = sourcecode.c.h; path = IRRTSPPlayer.h; sourceTree = "<group>"; };
		B546C4AF236B370100FA283A /* IRRTSPPlayer.m */ = {isa = PBXFileReference; fileEncoding = 4; lastKnownFileType = sourcecode.c.objc; path = IRRTSPPlayer.m; sourceTree = "<group>"; };
		B546C4B3236B38B600FA283A /* NSLayoutConstraint+Multiplier.m */ = {isa = PBXFileReference; fileEncoding = 4; lastKnownFileType = sourcecode.c.objc; path = "NSLayoutConstraint+Multiplier.m"; sourceTree = "<group>"; };
		B546C4B4236B38B700FA283A /* NSLayoutConstraint+Multiplier.h */ = {isa = PBXFileReference; fileEncoding = 4; lastKnownFileType = sourcecode.c.h; path = "NSLayoutConstraint+Multiplier.h"; sourceTree = "<group>"; };
		B555ACC0236D9BA700AA1400 /* IRPlayerViewController.h */ = {isa = PBXFileReference; lastKnownFileType = sourcecode.c.h; path = IRPlayerViewController.h; sourceTree = "<group>"; };
		B555ACC1236D9BA700AA1400 /* IRPlayerViewController.m */ = {isa = PBXFileReference; lastKnownFileType = sourcecode.c.objc; path = IRPlayerViewController.m; sourceTree = "<group>"; };
		B555ACC2236D9BA700AA1400 /* IRPlayerViewController.xib */ = {isa = PBXFileReference; lastKnownFileType = file.xib; path = IRPlayerViewController.xib; sourceTree = "<group>"; };
		B55E0105232A93B900B42820 /* demo.app */ = {isa = PBXFileReference; explicitFileType = wrapper.application; includeInIndex = 0; path = demo.app; sourceTree = BUILT_PRODUCTS_DIR; };
		B55E0108232A93B900B42820 /* AppDelegate.h */ = {isa = PBXFileReference; lastKnownFileType = sourcecode.c.h; path = AppDelegate.h; sourceTree = "<group>"; };
		B55E0109232A93B900B42820 /* AppDelegate.m */ = {isa = PBXFileReference; lastKnownFileType = sourcecode.c.objc; path = AppDelegate.m; sourceTree = "<group>"; };
		B55E010B232A93B900B42820 /* ViewController.h */ = {isa = PBXFileReference; lastKnownFileType = sourcecode.c.h; path = ViewController.h; sourceTree = "<group>"; };
		B55E010C232A93B900B42820 /* ViewController.m */ = {isa = PBXFileReference; lastKnownFileType = sourcecode.c.objc; path = ViewController.m; sourceTree = "<group>"; };
		B55E010F232A93B900B42820 /* Base */ = {isa = PBXFileReference; lastKnownFileType = file.storyboard; name = Base; path = Base.lproj/Main.storyboard; sourceTree = "<group>"; };
		B55E0111232A93BA00B42820 /* Assets.xcassets */ = {isa = PBXFileReference; lastKnownFileType = folder.assetcatalog; path = Assets.xcassets; sourceTree = "<group>"; };
		B55E0114232A93BA00B42820 /* Base */ = {isa = PBXFileReference; lastKnownFileType = file.storyboard; name = Base; path = Base.lproj/LaunchScreen.storyboard; sourceTree = "<group>"; };
		B55E0116232A93BA00B42820 /* Info.plist */ = {isa = PBXFileReference; lastKnownFileType = text.plist.xml; path = Info.plist; sourceTree = "<group>"; };
		B55E0117232A93BA00B42820 /* main.m */ = {isa = PBXFileReference; lastKnownFileType = sourcecode.c.objc; path = main.m; sourceTree = "<group>"; };
		B55E011E232A96C000B42820 /* google-help-vr.mp4 */ = {isa = PBXFileReference; lastKnownFileType = file; path = "google-help-vr.mp4"; sourceTree = "<group>"; };
		B55E011F232A96C000B42820 /* i-see-fire.mp4 */ = {isa = PBXFileReference; lastKnownFileType = file; path = "i-see-fire.mp4"; sourceTree = "<group>"; };
		B55E0120232A96C000B42820 /* fisheye-demo.mp4 */ = {isa = PBXFileReference; lastKnownFileType = file; path = "fisheye-demo.mp4"; sourceTree = "<group>"; };
		B571C4C32361FA5200201D41 /* IRViewWraper.h */ = {isa = PBXFileReference; lastKnownFileType = sourcecode.c.h; path = IRViewWraper.h; sourceTree = "<group>"; };
		B571C4C42361FA5200201D41 /* IRViewWraper.m */ = {isa = PBXFileReference; lastKnownFileType = sourcecode.c.objc; path = IRViewWraper.m; sourceTree = "<group>"; };
		B5AD60A524039C6900E513BA /* IRPlayerUIShellViewController.h */ = {isa = PBXFileReference; lastKnownFileType = sourcecode.c.h; path = IRPlayerUIShellViewController.h; sourceTree = "<group>"; };
		B5AD60A624039C6900E513BA /* IRPlayerUIShellViewController.m */ = {isa = PBXFileReference; lastKnownFileType = sourcecode.c.objc; path = IRPlayerUIShellViewController.m; sourceTree = "<group>"; };
		B5AD60A724039C6900E513BA /* IRPlayerUIShellViewController.xib */ = {isa = PBXFileReference; lastKnownFileType = file.xib; path = IRPlayerUIShellViewController.xib; sourceTree = "<group>"; };
		D37AC3707AB0BB71DFCDB54B /* Pods_demo.framework */ = {isa = PBXFileReference; explicitFileType = wrapper.framework; includeInIndex = 0; path = Pods_demo.framework; sourceTree = BUILT_PRODUCTS_DIR; };
/* End PBXFileReference section */

/* Begin PBXFrameworksBuildPhase section */
		B55E0102232A93B900B42820 /* Frameworks */ = {
			isa = PBXFrameworksBuildPhase;
			buildActionMask = 2147483647;
			files = (
				078349FFF7E5B3B3F0E81C03 /* Pods_demo.framework in Frameworks */,
			);
			runOnlyForDeploymentPostprocessing = 0;
		};
/* End PBXFrameworksBuildPhase section */

/* Begin PBXGroup section */
		4A8E834F26EC69E80031E62F /* Products */ = {
			isa = PBXGroup;
			children = (
				4A8E835326EC69E90031E62F /* IRPlayerUIShell.framework */,
			);
			name = Products;
			sourceTree = "<group>";
		};
		4A927A2E26EC8874004FB95E /* UI */ = {
			isa = PBXGroup;
			children = (
				B571C4C32361FA5200201D41 /* IRViewWraper.h */,
				B571C4C42361FA5200201D41 /* IRViewWraper.m */,
				4A927A2F26EC88C8004FB95E /* IRPlayerWithMediaPlayback.h */,
				4A927A3026EC88C8004FB95E /* IRPlayerWithMediaPlayback.m */,
			);
			path = UI;
			sourceTree = "<group>";
		};
		5E9C8B5E239364B1AB78B2E1 /* Frameworks */ = {
			isa = PBXGroup;
			children = (
				D37AC3707AB0BB71DFCDB54B /* Pods_demo.framework */,
			);
			name = Frameworks;
			sourceTree = "<group>";
		};
		841EA225F6A4CC026B544437 /* Pods */ = {
			isa = PBXGroup;
			children = (
				6ED1F323FB34B903805EF66B /* Pods-demo.debug.xcconfig */,
				4AB4348FBA92D8ED97E6CFF1 /* Pods-demo.release.xcconfig */,
			);
			path = Pods;
			sourceTree = "<group>";
		};
		B546C4AD236B36DD00FA283A /* Display */ = {
			isa = PBXGroup;
			children = (
				B546C4AE236B370000FA283A /* IRRTSPPlayer.h */,
				B546C4AF236B370100FA283A /* IRRTSPPlayer.m */,
				B555ACC0236D9BA700AA1400 /* IRPlayerViewController.h */,
				B555ACC1236D9BA700AA1400 /* IRPlayerViewController.m */,
				B555ACC2236D9BA700AA1400 /* IRPlayerViewController.xib */,
				B5AD60A524039C6900E513BA /* IRPlayerUIShellViewController.h */,
				B5AD60A624039C6900E513BA /* IRPlayerUIShellViewController.m */,
				B5AD60A724039C6900E513BA /* IRPlayerUIShellViewController.xib */,
			);
			path = Display;
			sourceTree = "<group>";
		};
		B546C4B2236B38A300FA283A /* Utility */ = {
			isa = PBXGroup;
			children = (
				B546C4B4236B38B700FA283A /* NSLayoutConstraint+Multiplier.h */,
				B546C4B3236B38B600FA283A /* NSLayoutConstraint+Multiplier.m */,
			);
			path = Utility;
			sourceTree = "<group>";
		};
		B55E00FC232A93B800B42820 = {
			isa = PBXGroup;
			children = (
				4A8E834E26EC69E80031E62F /* IRPlayerUIShell.xcodeproj */,
				B55E0107232A93B900B42820 /* demo */,
				B55E0106232A93B900B42820 /* Products */,
				841EA225F6A4CC026B544437 /* Pods */,
				5E9C8B5E239364B1AB78B2E1 /* Frameworks */,
			);
			sourceTree = "<group>";
		};
		B55E0106232A93B900B42820 /* Products */ = {
			isa = PBXGroup;
			children = (
				B55E0105232A93B900B42820 /* demo.app */,
			);
			name = Products;
			sourceTree = "<group>";
		};
		B55E0107232A93B900B42820 /* demo */ = {
			isa = PBXGroup;
			children = (
				B571C4C02361F44200201D41 /* Class */,
				B55E0120232A96C000B42820 /* fisheye-demo.mp4 */,
				B55E011E232A96C000B42820 /* google-help-vr.mp4 */,
				B55E011F232A96C000B42820 /* i-see-fire.mp4 */,
				B55E0108232A93B900B42820 /* AppDelegate.h */,
				B55E0109232A93B900B42820 /* AppDelegate.m */,
				4A6D639D26F0AC5100EFD36A /* NavigationController.h */,
				4A6D639E26F0AC5100EFD36A /* NavigationController.m */,
				B55E010B232A93B900B42820 /* ViewController.h */,
				B55E010C232A93B900B42820 /* ViewController.m */,
				B55E010E232A93B900B42820 /* Main.storyboard */,
				B55E0111232A93BA00B42820 /* Assets.xcassets */,
				B55E0113232A93BA00B42820 /* LaunchScreen.storyboard */,
				B55E0116232A93BA00B42820 /* Info.plist */,
				B55E0117232A93BA00B42820 /* main.m */,
			);
			path = demo;
			sourceTree = "<group>";
		};
		B571C4C02361F44200201D41 /* Class */ = {
			isa = PBXGroup;
			children = (
				B571C4C12361F44900201D41 /* Class */,
			);
			path = Class;
			sourceTree = "<group>";
		};
		B571C4C12361F44900201D41 /* Class */ = {
			isa = PBXGroup;
			children = (
				4A927A2E26EC8874004FB95E /* UI */,
				B546C4B2236B38A300FA283A /* Utility */,
				B546C4AD236B36DD00FA283A /* Display */,
			);
			path = Class;
			sourceTree = "<group>";
		};
/* End PBXGroup section */

/* Begin PBXNativeTarget section */
		B55E0104232A93B900B42820 /* demo */ = {
			isa = PBXNativeTarget;
			buildConfigurationList = B55E011B232A93BA00B42820 /* Build configuration list for PBXNativeTarget "demo" */;
			buildPhases = (
				5F8AC7AF1271CC6A6AFB1D4C /* [CP] Check Pods Manifest.lock */,
				B55E0101232A93B900B42820 /* Sources */,
				B55E0102232A93B900B42820 /* Frameworks */,
				B55E0103232A93B900B42820 /* Resources */,
				E0B997BF6F69B7920541EC3D /* [CP] Embed Pods Frameworks */,
			);
			buildRules = (
			);
			dependencies = (
			);
			name = demo;
			productName = IRPlayerUIShell;
			productReference = B55E0105232A93B900B42820 /* demo.app */;
			productType = "com.apple.product-type.application";
		};
/* End PBXNativeTarget section */

/* Begin PBXProject section */
		B55E00FD232A93B800B42820 /* Project object */ = {
			isa = PBXProject;
			attributes = {
				LastUpgradeCheck = 1010;
				ORGANIZATIONNAME = irons;
				TargetAttributes = {
					B55E0104232A93B900B42820 = {
						CreatedOnToolsVersion = 10.1;
					};
				};
			};
			buildConfigurationList = B55E0100232A93B800B42820 /* Build configuration list for PBXProject "demo" */;
			compatibilityVersion = "Xcode 9.3";
			developmentRegion = en;
			hasScannedForEncodings = 0;
			knownRegions = (
				en,
				Base,
			);
			mainGroup = B55E00FC232A93B800B42820;
			productRefGroup = B55E0106232A93B900B42820 /* Products */;
			projectDirPath = "";
			projectReferences = (
				{
					ProductGroup = 4A8E834F26EC69E80031E62F /* Products */;
					ProjectRef = 4A8E834E26EC69E80031E62F /* IRPlayerUIShell.xcodeproj */;
				},
			);
			projectRoot = "";
			targets = (
				B55E0104232A93B900B42820 /* demo */,
			);
		};
/* End PBXProject section */

/* Begin PBXReferenceProxy section */
		4A8E835326EC69E90031E62F /* IRPlayerUIShell.framework */ = {
			isa = PBXReferenceProxy;
			fileType = wrapper.framework;
			path = IRPlayerUIShell.framework;
			remoteRef = 4A8E835226EC69E90031E62F /* PBXContainerItemProxy */;
			sourceTree = BUILT_PRODUCTS_DIR;
		};
/* End PBXReferenceProxy section */

/* Begin PBXResourcesBuildPhase section */
		B55E0103232A93B900B42820 /* Resources */ = {
			isa = PBXResourcesBuildPhase;
			buildActionMask = 2147483647;
			files = (
				B55E0115232A93BA00B42820 /* LaunchScreen.storyboard in Resources */,
				B555ACC4236D9BA700AA1400 /* IRPlayerViewController.xib in Resources */,
				B55E0121232A96C100B42820 /* google-help-vr.mp4 in Resources */,
				B55E0123232A96C100B42820 /* fisheye-demo.mp4 in Resources */,
				B55E0112232A93BA00B42820 /* Assets.xcassets in Resources */,
				B55E0110232A93B900B42820 /* Main.storyboard in Resources */,
				B55E0122232A96C100B42820 /* i-see-fire.mp4 in Resources */,
				B5AD60A924039C6900E513BA /* IRPlayerUIShellViewController.xib in Resources */,
			);
			runOnlyForDeploymentPostprocessing = 0;
		};
/* End PBXResourcesBuildPhase section */

/* Begin PBXShellScriptBuildPhase section */
		5F8AC7AF1271CC6A6AFB1D4C /* [CP] Check Pods Manifest.lock */ = {
			isa = PBXShellScriptBuildPhase;
			buildActionMask = 2147483647;
			files = (
			);
			inputFileListPaths = (
			);
			inputPaths = (
				"${PODS_PODFILE_DIR_PATH}/Podfile.lock",
				"${PODS_ROOT}/Manifest.lock",
			);
			name = "[CP] Check Pods Manifest.lock";
			outputFileListPaths = (
			);
			outputPaths = (
				"$(DERIVED_FILE_DIR)/Pods-demo-checkManifestLockResult.txt",
			);
			runOnlyForDeploymentPostprocessing = 0;
			shellPath = /bin/sh;
			shellScript = "diff \"${PODS_PODFILE_DIR_PATH}/Podfile.lock\" \"${PODS_ROOT}/Manifest.lock\" > /dev/null\nif [ $? != 0 ] ; then\n    # print error to STDERR\n    echo \"error: The sandbox is not in sync with the Podfile.lock. Run 'pod install' or update your CocoaPods installation.\" >&2\n    exit 1\nfi\n# This output is used by Xcode 'outputs' to avoid re-running this script phase.\necho \"SUCCESS\" > \"${SCRIPT_OUTPUT_FILE_0}\"\n";
			showEnvVarsInLog = 0;
		};
		E0B997BF6F69B7920541EC3D /* [CP] Embed Pods Frameworks */ = {
			isa = PBXShellScriptBuildPhase;
			buildActionMask = 2147483647;
			files = (
			);
			inputFileListPaths = (
				"${PODS_ROOT}/Target Support Files/Pods-demo/Pods-demo-frameworks-${CONFIGURATION}-input-files.xcfilelist",
			);
			name = "[CP] Embed Pods Frameworks";
			outputFileListPaths = (
				"${PODS_ROOT}/Target Support Files/Pods-demo/Pods-demo-frameworks-${CONFIGURATION}-output-files.xcfilelist",
			);
			runOnlyForDeploymentPostprocessing = 0;
			shellPath = /bin/sh;
			shellScript = "\"${PODS_ROOT}/Target Support Files/Pods-demo/Pods-demo-frameworks.sh\"\n";
			showEnvVarsInLog = 0;
		};
/* End PBXShellScriptBuildPhase section */

/* Begin PBXSourcesBuildPhase section */
		B55E0101232A93B900B42820 /* Sources */ = {
			isa = PBXSourcesBuildPhase;
			buildActionMask = 2147483647;
			files = (
				B5AD60A824039C6900E513BA /* IRPlayerUIShellViewController.m in Sources */,
				B55E010D232A93B900B42820 /* ViewController.m in Sources */,
				B555ACC3236D9BA700AA1400 /* IRPlayerViewController.m in Sources */,
				B546C4B5236B38B700FA283A /* NSLayoutConstraint+Multiplier.m in Sources */,
				4A927A3126EC88C8004FB95E /* IRPlayerWithMediaPlayback.m in Sources */,
				B546C4B0236B370100FA283A /* IRRTSPPlayer.m in Sources */,
				B55E0118232A93BA00B42820 /* main.m in Sources */,
				4A6D639F26F0AC5100EFD36A /* NavigationController.m in Sources */,
				B571C4C52361FA5200201D41 /* IRViewWraper.m in Sources */,
				B55E010A232A93B900B42820 /* AppDelegate.m in Sources */,
			);
			runOnlyForDeploymentPostprocessing = 0;
		};
/* End PBXSourcesBuildPhase section */

/* Begin PBXVariantGroup section */
		B55E010E232A93B900B42820 /* Main.storyboard */ = {
			isa = PBXVariantGroup;
			children = (
				B55E010F232A93B900B42820 /* Base */,
			);
			name = Main.storyboard;
			sourceTree = "<group>";
		};
		B55E0113232A93BA00B42820 /* LaunchScreen.storyboard */ = {
			isa = PBXVariantGroup;
			children = (
				B55E0114232A93BA00B42820 /* Base */,
			);
			name = LaunchScreen.storyboard;
			sourceTree = "<group>";
		};
/* End PBXVariantGroup section */

/* Begin XCBuildConfiguration section */
		B55E0119232A93BA00B42820 /* Debug */ = {
			isa = XCBuildConfiguration;
			buildSettings = {
				ALWAYS_SEARCH_USER_PATHS = NO;
				CLANG_ANALYZER_NONNULL = YES;
				CLANG_ANALYZER_NUMBER_OBJECT_CONVERSION = YES_AGGRESSIVE;
				CLANG_CXX_LANGUAGE_STANDARD = "gnu++14";
				CLANG_CXX_LIBRARY = "libc++";
				CLANG_ENABLE_MODULES = YES;
				CLANG_ENABLE_OBJC_ARC = YES;
				CLANG_ENABLE_OBJC_WEAK = YES;
				CLANG_WARN_BLOCK_CAPTURE_AUTORELEASING = YES;
				CLANG_WARN_BOOL_CONVERSION = YES;
				CLANG_WARN_COMMA = YES;
				CLANG_WARN_CONSTANT_CONVERSION = YES;
				CLANG_WARN_DEPRECATED_OBJC_IMPLEMENTATIONS = YES;
				CLANG_WARN_DIRECT_OBJC_ISA_USAGE = YES_ERROR;
				CLANG_WARN_DOCUMENTATION_COMMENTS = YES;
				CLANG_WARN_EMPTY_BODY = YES;
				CLANG_WARN_ENUM_CONVERSION = YES;
				CLANG_WARN_INFINITE_RECURSION = YES;
				CLANG_WARN_INT_CONVERSION = YES;
				CLANG_WARN_NON_LITERAL_NULL_CONVERSION = YES;
				CLANG_WARN_OBJC_IMPLICIT_RETAIN_SELF = YES;
				CLANG_WARN_OBJC_LITERAL_CONVERSION = YES;
				CLANG_WARN_OBJC_ROOT_CLASS = YES_ERROR;
				CLANG_WARN_RANGE_LOOP_ANALYSIS = YES;
				CLANG_WARN_STRICT_PROTOTYPES = YES;
				CLANG_WARN_SUSPICIOUS_MOVE = YES;
				CLANG_WARN_UNGUARDED_AVAILABILITY = YES_AGGRESSIVE;
				CLANG_WARN_UNREACHABLE_CODE = YES;
				CLANG_WARN__DUPLICATE_METHOD_MATCH = YES;
				CODE_SIGN_IDENTITY = "iPhone Developer";
				COPY_PHASE_STRIP = NO;
				DEBUG_INFORMATION_FORMAT = dwarf;
				ENABLE_STRICT_OBJC_MSGSEND = YES;
				ENABLE_TESTABILITY = YES;
				GCC_C_LANGUAGE_STANDARD = gnu11;
				GCC_DYNAMIC_NO_PIC = NO;
				GCC_NO_COMMON_BLOCKS = YES;
				GCC_OPTIMIZATION_LEVEL = 0;
				GCC_PREPROCESSOR_DEFINITIONS = (
					"DEBUG=1",
					"$(inherited)",
				);
				GCC_WARN_64_TO_32_BIT_CONVERSION = YES;
				GCC_WARN_ABOUT_RETURN_TYPE = YES_ERROR;
				GCC_WARN_UNDECLARED_SELECTOR = YES;
				GCC_WARN_UNINITIALIZED_AUTOS = YES_AGGRESSIVE;
				GCC_WARN_UNUSED_FUNCTION = YES;
				GCC_WARN_UNUSED_VARIABLE = YES;
				IPHONEOS_DEPLOYMENT_TARGET = 11.0;
				MTL_ENABLE_DEBUG_INFO = INCLUDE_SOURCE;
				MTL_FAST_MATH = YES;
				ONLY_ACTIVE_ARCH = YES;
				SDKROOT = iphoneos;
			};
			name = Debug;
		};
		B55E011A232A93BA00B42820 /* Release */ = {
			isa = XCBuildConfiguration;
			buildSettings = {
				ALWAYS_SEARCH_USER_PATHS = NO;
				CLANG_ANALYZER_NONNULL = YES;
				CLANG_ANALYZER_NUMBER_OBJECT_CONVERSION = YES_AGGRESSIVE;
				CLANG_CXX_LANGUAGE_STANDARD = "gnu++14";
				CLANG_CXX_LIBRARY = "libc++";
				CLANG_ENABLE_MODULES = YES;
				CLANG_ENABLE_OBJC_ARC = YES;
				CLANG_ENABLE_OBJC_WEAK = YES;
				CLANG_WARN_BLOCK_CAPTURE_AUTORELEASING = YES;
				CLANG_WARN_BOOL_CONVERSION = YES;
				CLANG_WARN_COMMA = YES;
				CLANG_WARN_CONSTANT_CONVERSION = YES;
				CLANG_WARN_DEPRECATED_OBJC_IMPLEMENTATIONS = YES;
				CLANG_WARN_DIRECT_OBJC_ISA_USAGE = YES_ERROR;
				CLANG_WARN_DOCUMENTATION_COMMENTS = YES;
				CLANG_WARN_EMPTY_BODY = YES;
				CLANG_WARN_ENUM_CONVERSION = YES;
				CLANG_WARN_INFINITE_RECURSION = YES;
				CLANG_WARN_INT_CONVERSION = YES;
				CLANG_WARN_NON_LITERAL_NULL_CONVERSION = YES;
				CLANG_WARN_OBJC_IMPLICIT_RETAIN_SELF = YES;
				CLANG_WARN_OBJC_LITERAL_CONVERSION = YES;
				CLANG_WARN_OBJC_ROOT_CLASS = YES_ERROR;
				CLANG_WARN_RANGE_LOOP_ANALYSIS = YES;
				CLANG_WARN_STRICT_PROTOTYPES = YES;
				CLANG_WARN_SUSPICIOUS_MOVE = YES;
				CLANG_WARN_UNGUARDED_AVAILABILITY = YES_AGGRESSIVE;
				CLANG_WARN_UNREACHABLE_CODE = YES;
				CLANG_WARN__DUPLICATE_METHOD_MATCH = YES;
				CODE_SIGN_IDENTITY = "iPhone Developer";
				COPY_PHASE_STRIP = NO;
				DEBUG_INFORMATION_FORMAT = "dwarf-with-dsym";
				ENABLE_NS_ASSERTIONS = NO;
				ENABLE_STRICT_OBJC_MSGSEND = YES;
				GCC_C_LANGUAGE_STANDARD = gnu11;
				GCC_NO_COMMON_BLOCKS = YES;
				GCC_WARN_64_TO_32_BIT_CONVERSION = YES;
				GCC_WARN_ABOUT_RETURN_TYPE = YES_ERROR;
				GCC_WARN_UNDECLARED_SELECTOR = YES;
				GCC_WARN_UNINITIALIZED_AUTOS = YES_AGGRESSIVE;
				GCC_WARN_UNUSED_FUNCTION = YES;
				GCC_WARN_UNUSED_VARIABLE = YES;
				IPHONEOS_DEPLOYMENT_TARGET = 11.0;
				MTL_ENABLE_DEBUG_INFO = NO;
				MTL_FAST_MATH = YES;
				SDKROOT = iphoneos;
				VALIDATE_PRODUCT = YES;
			};
			name = Release;
		};
		B55E011C232A93BA00B42820 /* Debug */ = {
			isa = XCBuildConfiguration;
			baseConfigurationReference = 6ED1F323FB34B903805EF66B /* Pods-demo.debug.xcconfig */;
			buildSettings = {
				ASSETCATALOG_COMPILER_APPICON_NAME = AppIcon;
				CODE_SIGN_STYLE = Automatic;
				DEVELOPMENT_TEAM = T6VV6T753H;
				HEADER_SEARCH_PATHS = (
					"$(inherited)",
					"\"${PODS_CONFIGURATION_BUILD_DIR}/IRFFMpeg/IRFFMpeg.framework/Headers\"/**",
					"\"${PODS_CONFIGURATION_BUILD_DIR}/IRPlayer/IRPlayer.framework/Headers\"",
				);
				INFOPLIST_FILE = demo/Info.plist;
				LD_RUNPATH_SEARCH_PATHS = (
					"$(inherited)",
					"@executable_path/Frameworks",
				);
				PRODUCT_BUNDLE_IDENTIFIER = irons.demo;
				PRODUCT_NAME = "$(TARGET_NAME)";
				TARGETED_DEVICE_FAMILY = "1,2";
			};
			name = Debug;
		};
		B55E011D232A93BA00B42820 /* Release */ = {
			isa = XCBuildConfiguration;
			baseConfigurationReference = 4AB4348FBA92D8ED97E6CFF1 /* Pods-demo.release.xcconfig */;
			buildSettings = {
				ASSETCATALOG_COMPILER_APPICON_NAME = AppIcon;
				CODE_SIGN_STYLE = Automatic;
				DEVELOPMENT_TEAM = T6VV6T753H;
				HEADER_SEARCH_PATHS = (
					"$(inherited)",
					"\"${PODS_CONFIGURATION_BUILD_DIR}/IRFFMpeg/IRFFMpeg.framework/Headers\"/**",
					"\"${PODS_CONFIGURATION_BUILD_DIR}/IRPlayer/IRPlayer.framework/Headers\"",
				);
				INFOPLIST_FILE = demo/Info.plist;
				LD_RUNPATH_SEARCH_PATHS = (
					"$(inherited)",
					"@executable_path/Frameworks",
				);
				PRODUCT_BUNDLE_IDENTIFIER = irons.demo;
				PRODUCT_NAME = "$(TARGET_NAME)";
				TARGETED_DEVICE_FAMILY = "1,2";
			};
			name = Release;
		};
/* End XCBuildConfiguration section */

/* Begin XCConfigurationList section */
		B55E0100232A93B800B42820 /* Build configuration list for PBXProject "demo" */ = {
			isa = XCConfigurationList;
			buildConfigurations = (
				B55E0119232A93BA00B42820 /* Debug */,
				B55E011A232A93BA00B42820 /* Release */,
			);
			defaultConfigurationIsVisible = 0;
			defaultConfigurationName = Release;
		};
		B55E011B232A93BA00B42820 /* Build configuration list for PBXNativeTarget "demo" */ = {
			isa = XCConfigurationList;
			buildConfigurations = (
				B55E011C232A93BA00B42820 /* Debug */,
				B55E011D232A93BA00B42820 /* Release */,
			);
			defaultConfigurationIsVisible = 0;
			defaultConfigurationName = Release;
		};
/* End XCConfigurationList section */
	};
	rootObject = B55E00FD232A93B800B42820 /* Project object */;
}
